
Microsoft Visual Studio Solution File, Format Version 12.00
# Visual Studio Version 16
VisualStudioVersion = 16.0.34301.259
MinimumVisualStudioVersion = 10.0.40219.1
Project("{9A19103F-16F7-4668-BE54-9A1E7A4F7556}") = "test_projet", "EasySave2.0\test_projet.csproj", "{F7AA104D-D7DE-4891-B7C7-642F19FE11B4}"
EndProject
Project("{9A19103F-16F7-4668-BE54-9A1E7A4F7556}") = "Serveur_Client", "Serveur_Client\Serveur_Client.csproj", "{FA89DFE7-79FB-4132-B540-64ECB9BE8782}"
EndProject
Global
	GlobalSection(SolutionConfigurationPlatforms) = preSolution
		Debug|Any CPU = Debug|Any CPU
		Release|Any CPU = Release|Any CPU
	EndGlobalSection
	GlobalSection(ProjectConfigurationPlatforms) = postSolution
		{F7AA104D-D7DE-4891-B7C7-642F19FE11B4}.Debug|Any CPU.ActiveCfg = Debug|Any CPU
		{F7AA104D-D7DE-4891-B7C7-642F19FE11B4}.Debug|Any CPU.Build.0 = Debug|Any CPU
		{F7AA104D-D7DE-4891-B7C7-642F19FE11B4}.Release|Any CPU.ActiveCfg = Release|Any CPU
		{F7AA104D-D7DE-4891-B7C7-642F19FE11B4}.Release|Any CPU.Build.0 = Release|Any CPU
		{FA89DFE7-79FB-4132-B540-64ECB9BE8782}.Debug|Any CPU.ActiveCfg = Debug|Any CPU
		{FA89DFE7-79FB-4132-B540-64ECB9BE8782}.Debug|Any CPU.Build.0 = Debug|Any CPU
		{FA89DFE7-79FB-4132-B540-64ECB9BE8782}.Release|Any CPU.ActiveCfg = Release|Any CPU
		{FA89DFE7-79FB-4132-B540-64ECB9BE8782}.Release|Any CPU.Build.0 = Release|Any CPU
	EndGlobalSection
	GlobalSection(SolutionProperties) = preSolution
		HideSolutionNode = FALSE
	EndGlobalSection
	GlobalSection(ExtensibilityGlobals) = postSolution
		SolutionGuid = {D709B660-5C51-4FB3-BEA1-6E4A41E8D5C0}
	EndGlobalSection
EndGlobal
